
Microsoft Visual Studio Solution File, Format Version 12.00
# Visual Studio Version 17
VisualStudioVersion = 17.14.36310.24 d17.14
MinimumVisualStudioVersion = 10.0.40219.1
Project("{54A90642-561A-4BB1-A94E-469ADEE60C69}") = "propertymanagement.client", "propertymanagement.client\propertymanagement.client.esproj", "{7E6EBA8C-C0BD-392E-EEE4-644CDCAE2291}"
EndProject
Project("{FAE04EC0-301F-11D3-BF4B-00C04F79EFBC}") = "PropertyManagement.Server", "PropertyManagement.Server\PropertyManagement.Server.csproj", "{643CEB32-ADFA-49D3-B926-EEFCCAAFB812}"
EndProject
Global
	GlobalSection(SolutionConfigurationPlatforms) = preSolution
		Debug|Any CPU = Debug|Any CPU
		Release|Any CPU = Release|Any CPU
	EndGlobalSection
	GlobalSection(ProjectConfigurationPlatforms) = postSolution
		{7E6EBA8C-C0BD-392E-EEE4-644CDCAE2291}.Debug|Any CPU.ActiveCfg = Debug|Any CPU
		{7E6EBA8C-C0BD-392E-EEE4-644CDCAE2291}.Debug|Any CPU.Build.0 = Debug|Any CPU
		{7E6EBA8C-C0BD-392E-EEE4-644CDCAE2291}.Debug|Any CPU.Deploy.0 = Debug|Any CPU
		{7E6EBA8C-C0BD-392E-EEE4-644CDCAE2291}.Release|Any CPU.ActiveCfg = Release|Any CPU
		{7E6EBA8C-C0BD-392E-EEE4-644CDCAE2291}.Release|Any CPU.Build.0 = Release|Any CPU
		{7E6EBA8C-C0BD-392E-EEE4-644CDCAE2291}.Release|Any CPU.Deploy.0 = Release|Any CPU
		{643CEB32-ADFA-49D3-B926-EEFCCAAFB812}.Debug|Any CPU.ActiveCfg = Debug|Any CPU
		{643CEB32-ADFA-49D3-B926-EEFCCAAFB812}.Debug|Any CPU.Build.0 = Debug|Any CPU
		{643CEB32-ADFA-49D3-B926-EEFCCAAFB812}.Release|Any CPU.ActiveCfg = Release|Any CPU
		{643CEB32-ADFA-49D3-B926-EEFCCAAFB812}.Release|Any CPU.Build.0 = Release|Any CPU
	EndGlobalSection
	GlobalSection(SolutionProperties) = preSolution
		HideSolutionNode = FALSE
	EndGlobalSection
	GlobalSection(ExtensibilityGlobals) = postSolution
		SolutionGuid = {EC5BAF81-19D7-40C2-8859-7B1F3707138F}
	EndGlobalSection
EndGlobal
